
Microsoft Visual Studio Solution File, Format Version 12.00
# Visual Studio Version 16
VisualStudioVersion = 16.0.29519.87
MinimumVisualStudioVersion = 10.0.40219.1
Project("{FAE04EC0-301F-11D3-BF4B-00C04F79EFBC}") = "ScoreAPI", "ScoreAPI\ScoreAPI.csproj", "{5956FD92-9875-45C5-B06F-E655D0ED9766}"
EndProject
Global
	GlobalSection(SolutionConfigurationPlatforms) = preSolution
		Debug|Any CPU = Debug|Any CPU
		Release|Any CPU = Release|Any CPU
	EndGlobalSection
	GlobalSection(ProjectConfigurationPlatforms) = postSolution
		{5956FD92-9875-45C5-B06F-E655D0ED9766}.Debug|Any CPU.ActiveCfg = Debug|Any CPU
		{5956FD92-9875-45C5-B06F-E655D0ED9766}.Debug|Any CPU.Build.0 = Debug|Any CPU
		{5956FD92-9875-45C5-B06F-E655D0ED9766}.Release|Any CPU.ActiveCfg = Release|Any CPU
		{5956FD92-9875-45C5-B06F-E655D0ED9766}.Release|Any CPU.Build.0 = Release|Any CPU
	EndGlobalSection
	GlobalSection(SolutionProperties) = preSolution
		HideSolutionNode = FALSE
	EndGlobalSection
	GlobalSection(ExtensibilityGlobals) = postSolution
		SolutionGuid = {C39FD137-A080-41C3-8081-3A5167747842}
	EndGlobalSection
EndGlobal
